
Microsoft Visual Studio Solution File, Format Version 12.00
# Visual Studio Version 16
VisualStudioVersion = 16.0.29519.87
MinimumVisualStudioVersion = 10.0.40219.1
Project("{FAE04EC0-301F-11D3-BF4B-00C04F79EFBC}") = "PickUpSports", "PickUpSports\PickUpSports.csproj", "{067A0573-974B-4EA5-9365-0B5F0B1FB285}"
EndProject
Global
	GlobalSection(SolutionConfigurationPlatforms) = preSolution
		Debug|Any CPU = Debug|Any CPU
		Release|Any CPU = Release|Any CPU
	EndGlobalSection
	GlobalSection(ProjectConfigurationPlatforms) = postSolution
		{067A0573-974B-4EA5-9365-0B5F0B1FB285}.Debug|Any CPU.ActiveCfg = Debug|Any CPU
		{067A0573-974B-4EA5-9365-0B5F0B1FB285}.Debug|Any CPU.Build.0 = Debug|Any CPU
		{067A0573-974B-4EA5-9365-0B5F0B1FB285}.Release|Any CPU.ActiveCfg = Release|Any CPU
		{067A0573-974B-4EA5-9365-0B5F0B1FB285}.Release|Any CPU.Build.0 = Release|Any CPU
	EndGlobalSection
	GlobalSection(SolutionProperties) = preSolution
		HideSolutionNode = FALSE
	EndGlobalSection
	GlobalSection(ExtensibilityGlobals) = postSolution
		SolutionGuid = {F0D857BF-88A5-4714-B8FB-8F8431F7029E}
	EndGlobalSection
EndGlobal
